
Microsoft Visual Studio Solution File, Format Version 12.00
# Visual Studio Version 17
VisualStudioVersion = 17.14.36518.9 d17.14
MinimumVisualStudioVersion = 10.0.40219.1
Project("{FAE04EC0-301F-11D3-BF4B-00C04F79EFBC}") = "MyOwnWpfApp", "MyOwnWpfApp\MyOwnWpfApp.csproj", "{0A959F69-8AF7-4EC2-84B0-498F1A031396}"
EndProject
Global
	GlobalSection(SolutionConfigurationPlatforms) = preSolution
		Debug|Any CPU = Debug|Any CPU
		Release|Any CPU = Release|Any CPU
	EndGlobalSection
	GlobalSection(ProjectConfigurationPlatforms) = postSolution
		{0A959F69-8AF7-4EC2-84B0-498F1A031396}.Debug|Any CPU.ActiveCfg = Debug|Any CPU
		{0A959F69-8AF7-4EC2-84B0-498F1A031396}.Debug|Any CPU.Build.0 = Debug|Any CPU
		{0A959F69-8AF7-4EC2-84B0-498F1A031396}.Release|Any CPU.ActiveCfg = Release|Any CPU
		{0A959F69-8AF7-4EC2-84B0-498F1A031396}.Release|Any CPU.Build.0 = Release|Any CPU
	EndGlobalSection
	GlobalSection(SolutionProperties) = preSolution
		HideSolutionNode = FALSE
	EndGlobalSection
	GlobalSection(ExtensibilityGlobals) = postSolution
		SolutionGuid = {00EABF3B-52A6-41D2-A472-3AA6654E2C73}
	EndGlobalSection
EndGlobal
